{
  "lockfileVersion": 1,
  "configVersion": 1,
  "workspaces": {
    "": {
      "name": "satchel-web",
      "dependencies": {
        "@mlc-ai/web-llm": "^0.2.83",
        "marked": "^18.0.0",
      },
      "devDependencies": {
        "@sveltejs/vite-plugin-svelte": "^6.2.4",
        "@tsconfig/svelte": "^5.0.8",
        "svelte": "^5.55.0",
        "svelte-check": "^4.4.7",
        "tslib": "^2.8.1",
        "typescript": "^5.9.3",
        "vite": "^7.1.0",
        "vite-plugin-singlefile": "^2.3.3",
      },
    },
  },
  "packages": {
    "@esbuild/aix-ppc64": ["@esbuild/aix-ppc64@0.27.7", "", { "os": "aix", "cpu": "ppc64" }, "sha512-EKX3Qwmhz1eMdEJokhALr0YiD0lhQNwDqkPYyPhiSwKrh7/4KRjQc04sZ8db+5DVVnZ1LmbNDI1uAMPEUBnQPg=="],

    "@esbuild/android-arm": ["@esbuild/android-arm@0.27.7", "", { "os": "android", "cpu": "arm" }, "sha512-jbPXvB4Yj2yBV7HUfE2KHe4GJX51QplCN1pGbYjvsyCZbQmies29EoJbkEc+vYuU5o45AfQn37vZlyXy4YJ8RQ=="],

    "@esbuild/android-arm64": ["@esbuild/android-arm64@0.27.7", "", { "os": "android", "cpu": "arm64" }, "sha512-62dPZHpIXzvChfvfLJow3q5dDtiNMkwiRzPylSCfriLvZeq0a1bWChrGx/BbUbPwOrsWKMn8idSllklzBy+dgQ=="],

    "@esbuild/android-x64": ["@esbuild/android-x64@0.27.7", "", { "os": "android", "cpu": "x64" }, "sha512-x5VpMODneVDb70PYV2VQOmIUUiBtY3D3mPBG8NxVk5CogneYhkR7MmM3yR/uMdITLrC1ml/NV1rj4bMJuy9MCg=="],

    "@esbuild/darwin-arm64": ["@esbuild/darwin-arm64@0.27.7", "", { "os": "darwin", "cpu": "arm64" }, "sha512-5lckdqeuBPlKUwvoCXIgI2D9/ABmPq3Rdp7IfL70393YgaASt7tbju3Ac+ePVi3KDH6N2RqePfHnXkaDtY9fkw=="],

    "@esbuild/darwin-x64": ["@esbuild/darwin-x64@0.27.7", "", { "os": "darwin", "cpu": "x64" }, "sha512-rYnXrKcXuT7Z+WL5K980jVFdvVKhCHhUwid+dDYQpH+qu+TefcomiMAJpIiC2EM3Rjtq0sO3StMV/+3w3MyyqQ=="],

    "@esbuild/freebsd-arm64": ["@esbuild/freebsd-arm64@0.27.7", "", { "os": "freebsd", "cpu": "arm64" }, "sha512-B48PqeCsEgOtzME2GbNM2roU29AMTuOIN91dsMO30t+Ydis3z/3Ngoj5hhnsOSSwNzS+6JppqWsuhTp6E82l2w=="],

    "@esbuild/freebsd-x64": ["@esbuild/freebsd-x64@0.27.7", "", { "os": "freebsd", "cpu": "x64" }, "sha512-jOBDK5XEjA4m5IJK3bpAQF9/Lelu/Z9ZcdhTRLf4cajlB+8VEhFFRjWgfy3M1O4rO2GQ/b2dLwCUGpiF/eATNQ=="],

    "@esbuild/linux-arm": ["@esbuild/linux-arm@0.27.7", "", { "os": "linux", "cpu": "arm" }, "sha512-RkT/YXYBTSULo3+af8Ib0ykH8u2MBh57o7q/DAs3lTJlyVQkgQvlrPTnjIzzRPQyavxtPtfg0EopvDyIt0j1rA=="],

    "@esbuild/linux-arm64": ["@esbuild/linux-arm64@0.27.7", "", { "os": "linux", "cpu": "arm64" }, "sha512-RZPHBoxXuNnPQO9rvjh5jdkRmVizktkT7TCDkDmQ0W2SwHInKCAV95GRuvdSvA7w4VMwfCjUiPwDi0ZO6Nfe9A=="],

    "@esbuild/linux-ia32": ["@esbuild/linux-ia32@0.27.7", "", { "os": "linux", "cpu": "ia32" }, "sha512-GA48aKNkyQDbd3KtkplYWT102C5sn/EZTY4XROkxONgruHPU72l+gW+FfF8tf2cFjeHaRbWpOYa/uRBz/Xq1Pg=="],

    "@esbuild/linux-loong64": ["@esbuild/linux-loong64@0.27.7", "", { "os": "linux", "cpu": "none" }, "sha512-a4POruNM2oWsD4WKvBSEKGIiWQF8fZOAsycHOt6JBpZ+JN2n2JH9WAv56SOyu9X5IqAjqSIPTaJkqN8F7XOQ5Q=="],

    "@esbuild/linux-mips64el": ["@esbuild/linux-mips64el@0.27.7", "", { "os": "linux", "cpu": "none" }, "sha512-KabT5I6StirGfIz0FMgl1I+R1H73Gp0ofL9A3nG3i/cYFJzKHhouBV5VWK1CSgKvVaG4q1RNpCTR2LuTVB3fIw=="],

    "@esbuild/linux-ppc64": ["@esbuild/linux-ppc64@0.27.7", "", { "os": "linux", "cpu": "ppc64" }, "sha512-gRsL4x6wsGHGRqhtI+ifpN/vpOFTQtnbsupUF5R5YTAg+y/lKelYR1hXbnBdzDjGbMYjVJLJTd2OFmMewAgwlQ=="],

    "@esbuild/linux-riscv64": ["@esbuild/linux-riscv64@0.27.7", "", { "os": "linux", "cpu": "none" }, "sha512-hL25LbxO1QOngGzu2U5xeXtxXcW+/GvMN3ejANqXkxZ/opySAZMrc+9LY/WyjAan41unrR3YrmtTsUpwT66InQ=="],

    "@esbuild/linux-s390x": ["@esbuild/linux-s390x@0.27.7", "", { "os": "linux", "cpu": "s390x" }, "sha512-2k8go8Ycu1Kb46vEelhu1vqEP+UeRVj2zY1pSuPdgvbd5ykAw82Lrro28vXUrRmzEsUV0NzCf54yARIK8r0fdw=="],

    "@esbuild/linux-x64": ["@esbuild/linux-x64@0.27.7", "", { "os": "linux", "cpu": "x64" }, "sha512-hzznmADPt+OmsYzw1EE33ccA+HPdIqiCRq7cQeL1Jlq2gb1+OyWBkMCrYGBJ+sxVzve2ZJEVeePbLM2iEIZSxA=="],

    "@esbuild/netbsd-arm64": ["@esbuild/netbsd-arm64@0.27.7", "", { "os": "none", "cpu": "arm64" }, "sha512-b6pqtrQdigZBwZxAn1UpazEisvwaIDvdbMbmrly7cDTMFnw/+3lVxxCTGOrkPVnsYIosJJXAsILG9XcQS+Yu6w=="],

    "@esbuild/netbsd-x64": ["@esbuild/netbsd-x64@0.27.7", "", { "os": "none", "cpu": "x64" }, "sha512-OfatkLojr6U+WN5EDYuoQhtM+1xco+/6FSzJJnuWiUw5eVcicbyK3dq5EeV/QHT1uy6GoDhGbFpprUiHUYggrw=="],

    "@esbuild/openbsd-arm64": ["@esbuild/openbsd-arm64@0.27.7", "", { "os": "openbsd", "cpu": "arm64" }, "sha512-AFuojMQTxAz75Fo8idVcqoQWEHIXFRbOc1TrVcFSgCZtQfSdc1RXgB3tjOn/krRHENUB4j00bfGjyl2mJrU37A=="],

    "@esbuild/openbsd-x64": ["@esbuild/openbsd-x64@0.27.7", "", { "os": "openbsd", "cpu": "x64" }, "sha512-+A1NJmfM8WNDv5CLVQYJ5PshuRm/4cI6WMZRg1by1GwPIQPCTs1GLEUHwiiQGT5zDdyLiRM/l1G0Pv54gvtKIg=="],

    "@esbuild/openharmony-arm64": ["@esbuild/openharmony-arm64@0.27.7", "", { "os": "none", "cpu": "arm64" }, "sha512-+KrvYb/C8zA9CU/g0sR6w2RBw7IGc5J2BPnc3dYc5VJxHCSF1yNMxTV5LQ7GuKteQXZtspjFbiuW5/dOj7H4Yw=="],

    "@esbuild/sunos-x64": ["@esbuild/sunos-x64@0.27.7", "", { "os": "sunos", "cpu": "x64" }, "sha512-ikktIhFBzQNt/QDyOL580ti9+5mL/YZeUPKU2ivGtGjdTYoqz6jObj6nOMfhASpS4GU4Q/Clh1QtxWAvcYKamA=="],

    "@esbuild/win32-arm64": ["@esbuild/win32-arm64@0.27.7", "", { "os": "win32", "cpu": "arm64" }, "sha512-7yRhbHvPqSpRUV7Q20VuDwbjW5kIMwTHpptuUzV+AA46kiPze5Z7qgt6CLCK3pWFrHeNfDd1VKgyP4O+ng17CA=="],

    "@esbuild/win32-ia32": ["@esbuild/win32-ia32@0.27.7", "", { "os": "win32", "cpu": "ia32" }, "sha512-SmwKXe6VHIyZYbBLJrhOoCJRB/Z1tckzmgTLfFYOfpMAx63BJEaL9ExI8x7v0oAO3Zh6D/Oi1gVxEYr5oUCFhw=="],

    "@esbuild/win32-x64": ["@esbuild/win32-x64@0.27.7", "", { "os": "win32", "cpu": "x64" }, "sha512-56hiAJPhwQ1R4i+21FVF7V8kSD5zZTdHcVuRFMW0hn753vVfQN8xlx4uOPT4xoGH0Z/oVATuR82AiqSTDIpaHg=="],

    "@jridgewell/gen-mapping": ["@jridgewell/gen-mapping@0.3.13", "", { "dependencies": { "@jridgewell/sourcemap-codec": "^1.5.0", "@jridgewell/trace-mapping": "^0.3.24" } }, "sha512-2kkt/7niJ6MgEPxF0bYdQ6etZaA+fQvDcLKckhy1yIQOzaoKjBBjSj63/aLVjYE3qhRt5dvM+uUyfCg6UKCBbA=="],

    "@jridgewell/remapping": ["@jridgewell/remapping@2.3.5", "", { "dependencies": { "@jridgewell/gen-mapping": "^0.3.5", "@jridgewell/trace-mapping": "^0.3.24" } }, "sha512-LI9u/+laYG4Ds1TDKSJW2YPrIlcVYOwi2fUC6xB43lueCjgxV4lffOCZCtYFiH6TNOX+tQKXx97T4IKHbhyHEQ=="],

    "@jridgewell/resolve-uri": ["@jridgewell/resolve-uri@3.1.2", "", {}, "sha512-bRISgCIjP20/tbWSPWMEi54QVPRZExkuD9lJL+UIxUKtwVJA8wW1Trb1jMs1RFXo1CBTNZ/5hpC9QvmKWdopKw=="],

    "@jridgewell/sourcemap-codec": ["@jridgewell/sourcemap-codec@1.5.5", "", {}, "sha512-cYQ9310grqxueWbl+WuIUIaiUaDcj7WOq5fVhEljNVgRfOUhY9fy2zTvfoqWsnebh8Sl70VScFbICvJnLKB0Og=="],

    "@jridgewell/trace-mapping": ["@jridgewell/trace-mapping@0.3.31", "", { "dependencies": { "@jridgewell/resolve-uri": "^3.1.0", "@jridgewell/sourcemap-codec": "^1.4.14" } }, "sha512-zzNR+SdQSDJzc8joaeP8QQoCQr8NuYx2dIIytl1QeBEZHJ9uW6hebsrYgbz8hJwUQao3TWCMtmfV8Nu1twOLAw=="],

    "@mlc-ai/web-llm": ["@mlc-ai/web-llm@0.2.83", "", { "dependencies": { "loglevel": "^1.9.1" } }, "sha512-Ynuses0TM9CcSIs9PfX5+xwGOVFssQTXQaAwKFggfEw++shBbEr8fOjI7yJlY96wv0dwVFE+C2KGcO287+FuHw=="],

    "@rollup/rollup-android-arm-eabi": ["@rollup/rollup-android-arm-eabi@4.60.2", "", { "os": "android", "cpu": "arm" }, "sha512-dnlp69efPPg6Uaw2dVqzWRfAWRnYVb1XJ8CyyhIbZeaq4CA5/mLeZ1IEt9QqQxmbdvagjLIm2ZL8BxXv5lH4Yw=="],

    "@rollup/rollup-android-arm64": ["@rollup/rollup-android-arm64@4.60.2", "", { "os": "android", "cpu": "arm64" }, "sha512-OqZTwDRDchGRHHm/hwLOL7uVPB9aUvI0am/eQuWMNyFHf5PSEQmyEeYYheA0EPPKUO/l0uigCp+iaTjoLjVoHg=="],

    "@rollup/rollup-darwin-arm64": ["@rollup/rollup-darwin-arm64@4.60.2", "", { "os": "darwin", "cpu": "arm64" }, "sha512-UwRE7CGpvSVEQS8gUMBe1uADWjNnVgP3Iusyda1nSRwNDCsRjnGc7w6El6WLQsXmZTbLZx9cecegumcitNfpmA=="],

    "@rollup/rollup-darwin-x64": ["@rollup/rollup-darwin-x64@4.60.2", "", { "os": "darwin", "cpu": "x64" }, "sha512-gjEtURKLCC5VXm1I+2i1u9OhxFsKAQJKTVB8WvDAHF+oZlq0GTVFOlTlO1q3AlCTE/DF32c16ESvfgqR7343/g=="],

    "@rollup/rollup-freebsd-arm64": ["@rollup/rollup-freebsd-arm64@4.60.2", "", { "os": "freebsd", "cpu": "arm64" }, "sha512-Bcl6CYDeAgE70cqZaMojOi/eK63h5Me97ZqAQoh77VPjMysA/4ORQBRGo3rRy45x4MzVlU9uZxs8Uwy7ZaKnBw=="],

    "@rollup/rollup-freebsd-x64": ["@rollup/rollup-freebsd-x64@4.60.2", "", { "os": "freebsd", "cpu": "x64" }, "sha512-LU+TPda3mAE2QB0/Hp5VyeKJivpC6+tlOXd1VMoXV/YFMvk/MNk5iXeBfB4MQGRWyOYVJ01625vjkr0Az98OJQ=="],

    "@rollup/rollup-linux-arm-gnueabihf": ["@rollup/rollup-linux-arm-gnueabihf@4.60.2", "", { "os": "linux", "cpu": "arm" }, "sha512-2QxQrM+KQ7DAW4o22j+XZ6RKdxjLD7BOWTP0Bv0tmjdyhXSsr2Ul1oJDQqh9Zf5qOwTuTc7Ek83mOFaKnodPjg=="],

    "@rollup/rollup-linux-arm-musleabihf": ["@rollup/rollup-linux-arm-musleabihf@4.60.2", "", { "os": "linux", "cpu": "arm" }, "sha512-TbziEu2DVsTEOPif2mKWkMeDMLoYjx95oESa9fkQQK7r/Orta0gnkcDpzwufEcAO2BLBsD7mZkXGFqEdMRRwfw=="],

    "@rollup/rollup-linux-arm64-gnu": ["@rollup/rollup-linux-arm64-gnu@4.60.2", "", { "os": "linux", "cpu": "arm64" }, "sha512-bO/rVDiDUuM2YfuCUwZ1t1cP+/yqjqz+Xf2VtkdppefuOFS2OSeAfgafaHNkFn0t02hEyXngZkxtGqXcXwO8Rg=="],

    "@rollup/rollup-linux-arm64-musl": ["@rollup/rollup-linux-arm64-musl@4.60.2", "", { "os": "linux", "cpu": "arm64" }, "sha512-hr26p7e93Rl0Za+JwW7EAnwAvKkehh12BU1Llm9Ykiibg4uIr2rbpxG9WCf56GuvidlTG9KiiQT/TXT1yAWxTA=="],

    "@rollup/rollup-linux-loong64-gnu": ["@rollup/rollup-linux-loong64-gnu@4.60.2", "", { "os": "linux", "cpu": "none" }, "sha512-pOjB/uSIyDt+ow3k/RcLvUAOGpysT2phDn7TTUB3n75SlIgZzM6NKAqlErPhoFU+npgY3/n+2HYIQVbF70P9/A=="],

    "@rollup/rollup-linux-loong64-musl": ["@rollup/rollup-linux-loong64-musl@4.60.2", "", { "os": "linux", "cpu": "none" }, "sha512-2/w+q8jszv9Ww1c+6uJT3OwqhdmGP2/4T17cu8WuwyUuuaCDDJ2ojdyYwZzCxx0GcsZBhzi3HmH+J5pZNXnd+Q=="],

    "@rollup/rollup-linux-ppc64-gnu": ["@rollup/rollup-linux-ppc64-gnu@4.60.2", "", { "os": "linux", "cpu": "ppc64" }, "sha512-11+aL5vKheYgczxtPVVRhdptAM2H7fcDR5Gw4/bTcteuZBlH4oP9f5s9zYO9aGZvoGeBpqXI/9TZZihZ609wKw=="],

    "@rollup/rollup-linux-ppc64-musl": ["@rollup/rollup-linux-ppc64-musl@4.60.2", "", { "os": "linux", "cpu": "ppc64" }, "sha512-i16fokAGK46IVZuV8LIIwMdtqhin9hfYkCh8pf8iC3QU3LpwL+1FSFGej+O7l3E/AoknL6Dclh2oTdnRMpTzFQ=="],

    "@rollup/rollup-linux-riscv64-gnu": ["@rollup/rollup-linux-riscv64-gnu@4.60.2", "", { "os": "linux", "cpu": "none" }, "sha512-49FkKS6RGQoriDSK/6E2GkAsAuU5kETFCh7pG4yD/ylj9rKhTmO3elsnmBvRD4PgJPds5W2PkhC82aVwmUcJ7A=="],

    "@rollup/rollup-linux-riscv64-musl": ["@rollup/rollup-linux-riscv64-musl@4.60.2", "", { "os": "linux", "cpu": "none" }, "sha512-mjYNkHPfGpUR00DuM1ZZIgs64Hpf4bWcz9Z41+4Q+pgDx73UwWdAYyf6EG/lRFldmdHHzgrYyge5akFUW0D3mQ=="],

    "@rollup/rollup-linux-s390x-gnu": ["@rollup/rollup-linux-s390x-gnu@4.60.2", "", { "os": "linux", "cpu": "s390x" }, "sha512-ALyvJz965BQk8E9Al/JDKKDLH2kfKFLTGMlgkAbbYtZuJt9LU8DW3ZoDMCtQpXAltZxwBHevXz5u+gf0yA0YoA=="],

    "@rollup/rollup-linux-x64-gnu": ["@rollup/rollup-linux-x64-gnu@4.60.2", "", { "os": "linux", "cpu": "x64" }, "sha512-UQjrkIdWrKI626Du8lCQ6MJp/6V1LAo2bOK9OTu4mSn8GGXIkPXk/Vsp4bLHCd9Z9Iz2OTEaokUE90VweJgIYQ=="],

    "@rollup/rollup-linux-x64-musl": ["@rollup/rollup-linux-x64-musl@4.60.2", "", { "os": "linux", "cpu": "x64" }, "sha512-bTsRGj6VlSdn/XD4CGyzMnzaBs9bsRxy79eTqTCBsA8TMIEky7qg48aPkvJvFe1HyzQ5oMZdg7AnVlWQSKLTnw=="],

    "@rollup/rollup-openbsd-x64": ["@rollup/rollup-openbsd-x64@4.60.2", "", { "os": "openbsd", "cpu": "x64" }, "sha512-6d4Z3534xitaA1FcMWP7mQPq5zGwBmGbhphh2DwaA1aNIXUu3KTOfwrWpbwI4/Gr0uANo7NTtaykFyO2hPuFLg=="],

    "@rollup/rollup-openharmony-arm64": ["@rollup/rollup-openharmony-arm64@4.60.2", "", { "os": "none", "cpu": "arm64" }, "sha512-NetAg5iO2uN7eB8zE5qrZ3CSil+7IJt4WDFLcC75Ymywq1VZVD6qJ6EvNLjZ3rEm6gB7XW5JdT60c6MN35Z85Q=="],

    "@rollup/rollup-win32-arm64-msvc": ["@rollup/rollup-win32-arm64-msvc@4.60.2", "", { "os": "win32", "cpu": "arm64" }, "sha512-NCYhOotpgWZ5kdxCZsv6Iudx0wX8980Q/oW4pNFNihpBKsDbEA1zpkfxJGC0yugsUuyDZ7gL37dbzwhR0VI7pQ=="],

    "@rollup/rollup-win32-ia32-msvc": ["@rollup/rollup-win32-ia32-msvc@4.60.2", "", { "os": "win32", "cpu": "ia32" }, "sha512-RXsaOqXxfoUBQoOgvmmijVxJnW2IGB0eoMO7F8FAjaj0UTywUO/luSqimWBJn04WNgUkeNhh7fs7pESXajWmkg=="],

    "@rollup/rollup-win32-x64-gnu": ["@rollup/rollup-win32-x64-gnu@4.60.2", "", { "os": "win32", "cpu": "x64" }, "sha512-qdAzEULD+/hzObedtmV6iBpdL5TIbKVztGiK7O3/KYSf+HIzU257+MX1EXJcyIiDbMAqmbwaufcYPvyRryeZtA=="],

    "@rollup/rollup-win32-x64-msvc": ["@rollup/rollup-win32-x64-msvc@4.60.2", "", { "os": "win32", "cpu": "x64" }, "sha512-Nd/SgG27WoA9e+/TdK74KnHz852TLa94ovOYySo/yMPuTmpckK/jIF2jSwS3g7ELSKXK13/cVdmg1Z/DaCWKxA=="],

    "@sveltejs/acorn-typescript": ["@sveltejs/acorn-typescript@1.0.9", "", { "peerDependencies": { "acorn": "^8.9.0" } }, "sha512-lVJX6qEgs/4DOcRTpo56tmKzVPtoWAaVbL4hfO7t7NVwl9AAXzQR6cihesW1BmNMPl+bK6dreu2sOKBP2Q9CIA=="],

    "@sveltejs/vite-plugin-svelte": ["@sveltejs/vite-plugin-svelte@6.2.4", "", { "dependencies": { "@sveltejs/vite-plugin-svelte-inspector": "^5.0.0", "deepmerge": "^4.3.1", "magic-string": "^0.30.21", "obug": "^2.1.0", "vitefu": "^1.1.1" }, "peerDependencies": { "svelte": "^5.0.0", "vite": "^6.3.0 || ^7.0.0" } }, "sha512-ou/d51QSdTyN26D7h6dSpusAKaZkAiGM55/AKYi+9AGZw7q85hElbjK3kEyzXHhLSnRISHOYzVge6x0jRZ7DXA=="],

    "@sveltejs/vite-plugin-svelte-inspector": ["@sveltejs/vite-plugin-svelte-inspector@5.0.2", "", { "dependencies": { "obug": "^2.1.0" }, "peerDependencies": { "@sveltejs/vite-plugin-svelte": "^6.0.0-next.0", "svelte": "^5.0.0", "vite": "^6.3.0 || ^7.0.0" } }, "sha512-TZzRTcEtZffICSAoZGkPSl6Etsj2torOVrx6Uw0KpXxrec9Gg6jFWQ60Q3+LmNGfZSxHRCZL7vXVZIWmuV50Ig=="],

    "@tsconfig/svelte": ["@tsconfig/svelte@5.0.8", "", {}, "sha512-UkNnw1/oFEfecR8ypyHIQuWYdkPvHiwcQ78sh+ymIiYoF+uc5H1UBetbjyqT+vgGJ3qQN6nhucJviX6HesWtKQ=="],

    "@types/estree": ["@types/estree@1.0.8", "", {}, "sha512-dWHzHa2WqEXI/O1E9OjrocMTKJl2mSrEolh1Iomrv6U+JuNwaHXsXx9bLu5gG7BUWFIN0skIQJQ/L1rIex4X6w=="],

    "@types/trusted-types": ["@types/trusted-types@2.0.7", "", {}, "sha512-ScaPdn1dQczgbl0QFTeTOmVHFULt394XJgOQNoyVhZ6r2vLnMLJfBPd53SB52T/3G36VI1/g2MZaX0cwDuXsfw=="],

    "acorn": ["acorn@8.16.0", "", { "bin": { "acorn": "bin/acorn" } }, "sha512-UVJyE9MttOsBQIDKw1skb9nAwQuR5wuGD3+82K6JgJlm/Y+KI92oNsMNGZCYdDsVtRHSak0pcV5Dno5+4jh9sw=="],

    "aria-query": ["aria-query@5.3.1", "", {}, "sha512-Z/ZeOgVl7bcSYZ/u/rh0fOpvEpq//LZmdbkXyc7syVzjPAhfOa9ebsdTSjEBDU4vs5nC98Kfduj1uFo0qyET3g=="],

    "axobject-query": ["axobject-query@4.1.0", "", {}, "sha512-qIj0G9wZbMGNLjLmg1PT6v2mE9AH2zlnADJD/2tC6E00hgmhUOfEB6greHPAfLRSufHqROIUTkw6E+M3lH0PTQ=="],

    "braces": ["braces@3.0.3", "", { "dependencies": { "fill-range": "^7.1.1" } }, "sha512-yQbXgO/OSZVD2IsiLlro+7Hf6Q18EJrKSEsdoMzKePKXct3gvD8oLcOQdIzGupr5Fj+EDe8gO/lxc1BzfMpxvA=="],

    "chokidar": ["chokidar@4.0.3", "", { "dependencies": { "readdirp": "^4.0.1" } }, "sha512-Qgzu8kfBvo+cA4962jnP1KkS6Dop5NS6g7R5LFYJr4b8Ub94PPQXUksCw9PvXoeXPRRddRNC5C1JQUR2SMGtnA=="],

    "clsx": ["clsx@2.1.1", "", {}, "sha512-eYm0QWBtUrBWZWG0d386OGAw16Z995PiOVo2B7bjWSbHedGl5e0ZWaq65kOGgUSNesEIDkB9ISbTg/JK9dhCZA=="],

    "deepmerge": ["deepmerge@4.3.1", "", {}, "sha512-3sUqbMEc77XqpdNO7FRyRog+eW3ph+GYCbj+rK+uYyRMuwsVy0rMiVtPn+QJlKFvWP/1PYpapqYn0Me2knFn+A=="],

    "devalue": ["devalue@5.8.0", "", {}, "sha512-2zA9pFEsnp7vWBZbXF5JAgAq0fsUIt/1XPbRiAmRV3lp/2C3upzH+sADiyy66aFCihoLEsrQHxNM5w1gIDfsBg=="],

    "esbuild": ["esbuild@0.27.7", "", { "optionalDependencies": { "@esbuild/aix-ppc64": "0.27.7", "@esbuild/android-arm": "0.27.7", "@esbuild/android-arm64": "0.27.7", "@esbuild/android-x64": "0.27.7", "@esbuild/darwin-arm64": "0.27.7", "@esbuild/darwin-x64": "0.27.7", "@esbuild/freebsd-arm64": "0.27.7", "@esbuild/freebsd-x64": "0.27.7", "@esbuild/linux-arm": "0.27.7", "@esbuild/linux-arm64": "0.27.7", "@esbuild/linux-ia32": "0.27.7", "@esbuild/linux-loong64": "0.27.7", "@esbuild/linux-mips64el": "0.27.7", "@esbuild/linux-ppc64": "0.27.7", "@esbuild/linux-riscv64": "0.27.7", "@esbuild/linux-s390x": "0.27.7", "@esbuild/linux-x64": "0.27.7", "@esbuild/netbsd-arm64": "0.27.7", "@esbuild/netbsd-x64": "0.27.7", "@esbuild/openbsd-arm64": "0.27.7", "@esbuild/openbsd-x64": "0.27.7", "@esbuild/openharmony-arm64": "0.27.7", "@esbuild/sunos-x64": "0.27.7", "@esbuild/win32-arm64": "0.27.7", "@esbuild/win32-ia32": "0.27.7", "@esbuild/win32-x64": "0.27.7" }, "bin": { "esbuild": "bin/esbuild" } }, "sha512-IxpibTjyVnmrIQo5aqNpCgoACA/dTKLTlhMHihVHhdkxKyPO1uBBthumT0rdHmcsk9uMonIWS0m4FljWzILh3w=="],

    "esm-env": ["esm-env@1.2.2", "", {}, "sha512-Epxrv+Nr/CaL4ZcFGPJIYLWFom+YeV1DqMLHJoEd9SYRxNbaFruBwfEX/kkHUJf55j2+TUbmDcmuilbP1TmXHA=="],

    "esrap": ["esrap@2.2.5", "", { "dependencies": { "@jridgewell/sourcemap-codec": "^1.4.15" }, "peerDependencies": { "@typescript-eslint/types": "^8.2.0" }, "optionalPeers": ["@typescript-eslint/types"] }, "sha512-/yLB1538mag+dn0wsePTe8C0rDIjUOaJpMs2McodSzmM2msWcZsBSdRtg6HOBt0A/r82BN+Md3pgwSc/uWt2Ig=="],

    "fdir": ["fdir@6.5.0", "", { "peerDependencies": { "picomatch": "^3 || ^4" }, "optionalPeers": ["picomatch"] }, "sha512-tIbYtZbucOs0BRGqPJkshJUYdL+SDH7dVM8gjy+ERp3WAUjLEFJE+02kanyHtwjWOnwrKYBiwAmM0p4kLJAnXg=="],

    "fill-range": ["fill-range@7.1.1", "", { "dependencies": { "to-regex-range": "^5.0.1" } }, "sha512-YsGpe3WHLK8ZYi4tWDg2Jy3ebRz2rXowDxnld4bkQB00cc/1Zw9AWnC0i9ztDJitivtQvaI9KaLyKrc+hBW0yg=="],

    "fsevents": ["fsevents@2.3.3", "", { "os": "darwin" }, "sha512-5xoDfX+fL7faATnagmWPpbFtwh/R77WmMMqqHGS65C3vvB0YHrgF+B1YmZ3441tMj5n63k0212XNoJwzlhffQw=="],

    "is-number": ["is-number@7.0.0", "", {}, "sha512-41Cifkg6e8TylSpdtTpeLVMqvSBEVzTttHvERD741+pnZ8ANv0004MRL43QKPDlK9cGvNp6NZWZUBlbGXYxxng=="],

    "is-reference": ["is-reference@3.0.3", "", { "dependencies": { "@types/estree": "^1.0.6" } }, "sha512-ixkJoqQvAP88E6wLydLGGqCJsrFUnqoH6HnaczB8XmDH1oaWU+xxdptvikTgaEhtZ53Ky6YXiBuUI2WXLMCwjw=="],

    "locate-character": ["locate-character@3.0.0", "", {}, "sha512-SW13ws7BjaeJ6p7Q6CO2nchbYEc3X3J6WrmTTDto7yMPqVSZTUyY5Tjbid+Ab8gLnATtygYtiDIJGQRRn2ZOiA=="],

    "loglevel": ["loglevel@1.9.2", "", {}, "sha512-HgMmCqIJSAKqo68l0rS2AanEWfkxaZ5wNiEFb5ggm08lDs9Xl2KxBlX3PTcaD2chBM1gXAYf491/M2Rv8Jwayg=="],

    "magic-string": ["magic-string@0.30.21", "", { "dependencies": { "@jridgewell/sourcemap-codec": "^1.5.5" } }, "sha512-vd2F4YUyEXKGcLHoq+TEyCjxueSeHnFxyyjNp80yg0XV4vUhnDer/lvvlqM/arB5bXQN5K2/3oinyCRyx8T2CQ=="],

    "marked": ["marked@18.0.2", "", { "bin": { "marked": "bin/marked.js" } }, "sha512-NsmlUYBS/Zg57rgDWMYdnre6OTj4e+qq/JS2ot3KrYLSoHLw+sDu0Nm1ZGpRgYAq6c+b1ekaY5NzVchMCQnzcg=="],

    "micromatch": ["micromatch@4.0.8", "", { "dependencies": { "braces": "^3.0.3", "picomatch": "^2.3.1" } }, "sha512-PXwfBhYu0hBCPw8Dn0E+WDYb7af3dSLVWKi3HGv84IdF4TyFoC0ysxFd0Goxw7nSv4T/PzEJQxsYsEiFCKo2BA=="],

    "mri": ["mri@1.2.0", "", {}, "sha512-tzzskb3bG8LvYGFF/mDTpq3jpI6Q9wc3LEmBaghu+DdCssd1FakN7Bc0hVNmEyGq1bq3RgfkCb3cmQLpNPOroA=="],

    "nanoid": ["nanoid@3.3.12", "", { "bin": { "nanoid": "bin/nanoid.cjs" } }, "sha512-ZB9RH/39qpq5Vu6Y+NmUaFhQR6pp+M2Xt76XBnEwDaGcVAqhlvxrl3B2bKS5D3NH3QR76v3aSrKaF/Kiy7lEtQ=="],

    "obug": ["obug@2.1.1", "", {}, "sha512-uTqF9MuPraAQ+IsnPf366RG4cP9RtUi7MLO1N3KEc+wb0a6yKpeL0lmk2IB1jY5KHPAlTc6T/JRdC/YqxHNwkQ=="],

    "picocolors": ["picocolors@1.1.1", "", {}, "sha512-xceH2snhtb5M9liqDsmEw56le376mTZkEX/jEb/RxNFyegNul7eNslCXP9FDj/Lcu0X8KEyMceP2ntpaHrDEVA=="],

    "picomatch": ["picomatch@4.0.4", "", {}, "sha512-QP88BAKvMam/3NxH6vj2o21R6MjxZUAd6nlwAS/pnGvN9IVLocLHxGYIzFhg6fUQ+5th6P4dv4eW9jX3DSIj7A=="],

    "postcss": ["postcss@8.5.13", "", { "dependencies": { "nanoid": "^3.3.11", "picocolors": "^1.1.1", "source-map-js": "^1.2.1" } }, "sha512-qif0+jGGZoLWdHey3UFHHWP0H7Gbmsk8T5VEqyYFbWqPr1XqvLGBbk/sl8V5exGmcYJklJOhOQq1pV9IcsiFag=="],

    "readdirp": ["readdirp@4.1.2", "", {}, "sha512-GDhwkLfywWL2s6vEjyhri+eXmfH6j1L7JE27WhqLeYzoh/A3DBaYGEj2H/HFZCn/kMfim73FXxEJTw06WtxQwg=="],

    "rollup": ["rollup@4.60.2", "", { "dependencies": { "@types/estree": "1.0.8" }, "optionalDependencies": { "@rollup/rollup-android-arm-eabi": "4.60.2", "@rollup/rollup-android-arm64": "4.60.2", "@rollup/rollup-darwin-arm64": "4.60.2", "@rollup/rollup-darwin-x64": "4.60.2", "@rollup/rollup-freebsd-arm64": "4.60.2", "@rollup/rollup-freebsd-x64": "4.60.2", "@rollup/rollup-linux-arm-gnueabihf": "4.60.2", "@rollup/rollup-linux-arm-musleabihf": "4.60.2", "@rollup/rollup-linux-arm64-gnu": "4.60.2", "@rollup/rollup-linux-arm64-musl": "4.60.2", "@rollup/rollup-linux-loong64-gnu": "4.60.2", "@rollup/rollup-linux-loong64-musl": "4.60.2", "@rollup/rollup-linux-ppc64-gnu": "4.60.2", "@rollup/rollup-linux-ppc64-musl": "4.60.2", "@rollup/rollup-linux-riscv64-gnu": "4.60.2", "@rollup/rollup-linux-riscv64-musl": "4.60.2", "@rollup/rollup-linux-s390x-gnu": "4.60.2", "@rollup/rollup-linux-x64-gnu": "4.60.2", "@rollup/rollup-linux-x64-musl": "4.60.2", "@rollup/rollup-openbsd-x64": "4.60.2", "@rollup/rollup-openharmony-arm64": "4.60.2", "@rollup/rollup-win32-arm64-msvc": "4.60.2", "@rollup/rollup-win32-ia32-msvc": "4.60.2", "@rollup/rollup-win32-x64-gnu": "4.60.2", "@rollup/rollup-win32-x64-msvc": "4.60.2", "fsevents": "~2.3.2" }, "bin": { "rollup": "dist/bin/rollup" } }, "sha512-J9qZyW++QK/09NyN/zeO0dG/1GdGfyp9lV8ajHnRVLfo/uFsbji5mHnDgn/qYdUHyCkM2N+8VyspgZclfAh0eQ=="],

    "sade": ["sade@1.8.1", "", { "dependencies": { "mri": "^1.1.0" } }, "sha512-xal3CZX1Xlo/k4ApwCFrHVACi9fBqJ7V+mwhBsuf/1IOKbBy098Fex+Wa/5QMubw09pSZ/u8EY8PWgevJsXp1A=="],

    "source-map-js": ["source-map-js@1.2.1", "", {}, "sha512-UXWMKhLOwVKb728IUtQPXxfYU+usdybtUrK/8uGE8CQMvrhOpwvzDBwj0QhSL7MQc7vIsISBG8VQ8+IDQxpfQA=="],

    "svelte": ["svelte@5.55.5", "", { "dependencies": { "@jridgewell/remapping": "^2.3.4", "@jridgewell/sourcemap-codec": "^1.5.0", "@sveltejs/acorn-typescript": "^1.0.5", "@types/estree": "^1.0.5", "@types/trusted-types": "^2.0.7", "acorn": "^8.12.1", "aria-query": "5.3.1", "axobject-query": "^4.1.0", "clsx": "^2.1.1", "devalue": "^5.6.4", "esm-env": "^1.2.1", "esrap": "^2.2.4", "is-reference": "^3.0.3", "locate-character": "^3.0.0", "magic-string": "^0.30.11", "zimmerframe": "^1.1.2" } }, "sha512-2uCs/LZ9us+AktdzYJM8OcxQ8qnPS1kpaO7syGT/MgO+6Qr1Ybl+TqPq+97u7PHqmmMlye5ZkoyXONy5mjjAbw=="],

    "svelte-check": ["svelte-check@4.4.7", "", { "dependencies": { "@jridgewell/trace-mapping": "^0.3.25", "chokidar": "^4.0.1", "fdir": "^6.2.0", "picocolors": "^1.0.0", "sade": "^1.7.4" }, "peerDependencies": { "svelte": "^4.0.0 || ^5.0.0-next.0", "typescript": ">=5.0.0" }, "bin": { "svelte-check": "bin/svelte-check" } }, "sha512-JRafFTRmaPUOqmri4u1WuIKgBLiHi6wIaB57i99pmHq5BAc3ioIpzdUN/RX32ij9GhI6ALMHKvnVxu68sFZlag=="],

    "tinyglobby": ["tinyglobby@0.2.16", "", { "dependencies": { "fdir": "^6.5.0", "picomatch": "^4.0.4" } }, "sha512-pn99VhoACYR8nFHhxqix+uvsbXineAasWm5ojXoN8xEwK5Kd3/TrhNn1wByuD52UxWRLy8pu+kRMniEi6Eq9Zg=="],

    "to-regex-range": ["to-regex-range@5.0.1", "", { "dependencies": { "is-number": "^7.0.0" } }, "sha512-65P7iz6X5yEr1cwcgvQxbbIw7Uk3gOy5dIdtZ4rDveLqhrdJP+Li/Hx6tyK0NEb+2GCyneCMJiGqrADCSNk8sQ=="],

    "tslib": ["tslib@2.8.1", "", {}, "sha512-oJFu94HQb+KVduSUQL7wnpmqnfmLsOA/nAh6b6EH0wCEoK0/mPeXU6c3wKDV83MkOuHPRHtSXKKU99IBazS/2w=="],

    "typescript": ["typescript@5.9.3", "", { "bin": { "tsc": "bin/tsc", "tsserver": "bin/tsserver" } }, "sha512-jl1vZzPDinLr9eUt3J/t7V6FgNEw9QjvBPdysz9KfQDD41fQrC2Y4vKQdiaUpFT4bXlb1RHhLpp8wtm6M5TgSw=="],

    "vite": ["vite@7.3.2", "", { "dependencies": { "esbuild": "^0.27.0", "fdir": "^6.5.0", "picomatch": "^4.0.3", "postcss": "^8.5.6", "rollup": "^4.43.0", "tinyglobby": "^0.2.15" }, "optionalDependencies": { "fsevents": "~2.3.3" }, "peerDependencies": { "@types/node": "^20.19.0 || >=22.12.0", "jiti": ">=1.21.0", "less": "^4.0.0", "lightningcss": "^1.21.0", "sass": "^1.70.0", "sass-embedded": "^1.70.0", "stylus": ">=0.54.8", "sugarss": "^5.0.0", "terser": "^5.16.0", "tsx": "^4.8.1", "yaml": "^2.4.2" }, "optionalPeers": ["@types/node", "jiti", "less", "lightningcss", "sass", "sass-embedded", "stylus", "sugarss", "terser", "tsx", "yaml"], "bin": { "vite": "bin/vite.js" } }, "sha512-Bby3NOsna2jsjfLVOHKes8sGwgl4TT0E6vvpYgnAYDIF/tie7MRaFthmKuHx1NSXjiTueXH3do80FMQgvEktRg=="],

    "vite-plugin-singlefile": ["vite-plugin-singlefile@2.3.3", "", { "dependencies": { "micromatch": "^4.0.8" }, "peerDependencies": { "rollup": "^4.59.0", "vite": "^5.4.21 || ^6.0.0 || ^7.0.0 || ^8.0.0" }, "optionalPeers": ["rollup"] }, "sha512-XVnGH0QzbOa8fxRSsHdCarVN1BSBXNi7uLMQYlrGRN5apdHkk62XQWRJhVever0lnfuyBkwn+kvVChdm/OoOUg=="],

    "vitefu": ["vitefu@1.1.3", "", { "peerDependencies": { "vite": "^3.0.0 || ^4.0.0 || ^5.0.0 || ^6.0.0 || ^7.0.0 || ^8.0.0" }, "optionalPeers": ["vite"] }, "sha512-ub4okH7Z5KLjb6hDyjqrGXqWtWvoYdU3IGm/NorpgHncKoLTCfRIbvlhBm7r0YstIaQRYlp4yEbFqDcKSzXSSg=="],

    "zimmerframe": ["zimmerframe@1.1.4", "", {}, "sha512-B58NGBEoc8Y9MWWCQGl/gq9xBCe4IiKM0a2x7GZdQKOW5Exr8S1W24J6OgM1njK8xCRGvAJIL/MxXHf6SkmQKQ=="],

    "micromatch/picomatch": ["picomatch@2.3.2", "", {}, "sha512-V7+vQEJ06Z+c5tSye8S+nHUfI51xoXIXjHQ99cQtKUkQqqO1kO/KCJUfZXuB47h/YBlDhah2H3hdUGXn8ie0oA=="],
  }
}
